Microsoft Visual Studio Solution File, Format Version 12.00
Project("{FAE04EC0-301F-11D3-BF4B-00C04F79EFBC}") = "Hexecs", "src\Hexecs\Hexecs.csproj", "{90188DF9-5A78-4303-BF3F-EF4E648C4BC6}"
EndProject
Project("{FAE04EC0-301F-11D3-BF4B-00C04F79EFBC}") = "Hexecs.Tests", "src\Hexecs.Tests\Hexecs.Tests.csproj", "{2F69C623-5FAC-4696-B849-B42B7F6CE540}"
EndProject
Project("{FAE04EC0-301F-11D3-BF4B-00C04F79EFBC}") = "Hexecs.Benchmarks", "src\Hexecs.Benchmarks\Hexecs.Benchmarks.csproj", "{6B3B5C57-80EF-4CC7-A0CE-5533B7628FDB}"
EndProject
Project("{FAE04EC0-301F-11D3-BF4B-00C04F79EFBC}") = "Hexecs.Benchmarks.Noise", "src\Hexecs.Benchmarks.Noise\Hexecs.Benchmarks.Noise.csproj", "{1F5BACA8-7AC3-48B4-9F28-532F7684C80B}"
EndProject
Project("{FAE04EC0-301F-11D3-BF4B-00C04F79EFBC}") = "Hexecs.Benchmark.Map", "src\Hexecs.Benchmark.Map\Hexecs.Benchmark.Map.csproj", "{BAE6244E-6879-4D30-B105-49ABB05A8D63}"
EndProject
Global
	GlobalSection(SolutionConfigurationPlatforms) = preSolution
		Debug|Any CPU = Debug|Any CPU
		Release|Any CPU = Release|Any CPU
	EndGlobalSection
	GlobalSection(ProjectConfigurationPlatforms) = postSolution
		{90188DF9-5A78-4303-BF3F-EF4E648C4BC6}.Debug|Any CPU.ActiveCfg = Debug|Any CPU
		{90188DF9-5A78-4303-BF3F-EF4E648C4BC6}.Debug|Any CPU.Build.0 = Debug|Any CPU
		{90188DF9-5A78-4303-BF3F-EF4E648C4BC6}.Release|Any CPU.ActiveCfg = Release|Any CPU
		{90188DF9-5A78-4303-BF3F-EF4E648C4BC6}.Release|Any CPU.Build.0 = Release|Any CPU
		{2F69C623-5FAC-4696-B849-B42B7F6CE540}.Debug|Any CPU.ActiveCfg = Debug|Any CPU
		{2F69C623-5FAC-4696-B849-B42B7F6CE540}.Debug|Any CPU.Build.0 = Debug|Any CPU
		{2F69C623-5FAC-4696-B849-B42B7F6CE540}.Release|Any CPU.ActiveCfg = Release|Any CPU
		{2F69C623-5FAC-4696-B849-B42B7F6CE540}.Release|Any CPU.Build.0 = Release|Any CPU
		{6B3B5C57-80EF-4CC7-A0CE-5533B7628FDB}.Debug|Any CPU.ActiveCfg = Debug|Any CPU
		{6B3B5C57-80EF-4CC7-A0CE-5533B7628FDB}.Debug|Any CPU.Build.0 = Debug|Any CPU
		{6B3B5C57-80EF-4CC7-A0CE-5533B7628FDB}.Release|Any CPU.ActiveCfg = Release|Any CPU
		{6B3B5C57-80EF-4CC7-A0CE-5533B7628FDB}.Release|Any CPU.Build.0 = Release|Any CPU
		{1F5BACA8-7AC3-48B4-9F28-532F7684C80B}.Debug|Any CPU.ActiveCfg = Debug|Any CPU
		{1F5BACA8-7AC3-48B4-9F28-532F7684C80B}.Debug|Any CPU.Build.0 = Debug|Any CPU
		{1F5BACA8-7AC3-48B4-9F28-532F7684C80B}.Release|Any CPU.ActiveCfg = Release|Any CPU
		{1F5BACA8-7AC3-48B4-9F28-532F7684C80B}.Release|Any CPU.Build.0 = Release|Any CPU
		{BAE6244E-6879-4D30-B105-49ABB05A8D63}.Debug|Any CPU.ActiveCfg = Debug|Any CPU
		{BAE6244E-6879-4D30-B105-49ABB05A8D63}.Debug|Any CPU.Build.0 = Debug|Any CPU
		{BAE6244E-6879-4D30-B105-49ABB05A8D63}.Release|Any CPU.ActiveCfg = Release|Any CPU
		{BAE6244E-6879-4D30-B105-49ABB05A8D63}.Release|Any CPU.Build.0 = Release|Any CPU
	EndGlobalSection
EndGlobal
